
Microsoft Visual Studio Solution File, Format Version 12.00
# Visual Studio 15
VisualStudioVersion = 15.0.33026.149
MinimumVisualStudioVersion = 10.0.40219.1
Project("{FAE04EC0-301F-11D3-BF4B-00C04F79EFBC}") = "serialport_led", "serialport_led\serialport_led.csproj", "{AF347782-6640-419E-894E-FD8723921125}"
EndProject
Global
	GlobalSection(SolutionConfigurationPlatforms) = preSolution
		Debug|Any CPU = Debug|Any CPU
		Release|Any CPU = Release|Any CPU
	EndGlobalSection
	GlobalSection(ProjectConfigurationPlatforms) = postSolution
		{AF347782-6640-419E-894E-FD8723921125}.Debug|Any CPU.ActiveCfg = Debug|Any CPU
		{AF347782-6640-419E-894E-FD8723921125}.Debug|Any CPU.Build.0 = Debug|Any CPU
		{AF347782-6640-419E-894E-FD8723921125}.Release|Any CPU.ActiveCfg = Release|Any CPU
		{AF347782-6640-419E-894E-FD8723921125}.Release|Any CPU.Build.0 = Release|Any CPU
	EndGlobalSection
	GlobalSection(SolutionProperties) = preSolution
		HideSolutionNode = FALSE
	EndGlobalSection
	GlobalSection(ExtensibilityGlobals) = postSolution
		SolutionGuid = {EF2FCEDE-A8CE-4B53-8475-B7F610FB6132}
	EndGlobalSection
EndGlobal
